// !$*UTF8*$!
{
	archiveVersion = 1;
	classes = {
	};
	objectVersion = 46;
	objects = {

/* Begin PBXBuildFile section */
		A528D66B1F0684E600173A3B /* PessoasViewController.swift in Sources */ = {isa = PBXBuildFile; fileRef = A528D66A1F0684E600173A3B /* PessoasViewController.swift */; };
		A535D10C1F0D14AE00156AEE /* PessoaCell.xib in Resources */ = {isa = PBXBuildFile; fileRef = A535D10B1F0D14AE00156AEE /* PessoaCell.xib */; };
		A535D10E1F0D161100156AEE /* PessoaCell.swift in Sources */ = {isa = PBXBuildFile; fileRef = A535D10D1F0D161100156AEE /* PessoaCell.swift */; };
		A535D1101F0D206200156AEE /* ListExtensions.swift in Sources */ = {isa = PBXBuildFile; fileRef = A535D10F1F0D206200156AEE /* ListExtensions.swift */; };
		A53650071ED06E6D00CE34C3 /* UIViewControllerExtensions.swift in Sources */ = {isa = PBXBuildFile; fileRef = A53650061ED06E6D00CE34C3 /* UIViewControllerExtensions.swift */; };
		A569AEDF1EE987C300567FC3 /* EurekaViewController.swift in Sources */ = {isa = PBXBuildFile; fileRef = A569AEDE1EE987C300567FC3 /* EurekaViewController.swift */; };
		A58B8A111EC74FCE00757419 /* Pessoa.swift in Sources */ = {isa = PBXBuildFile; fileRef = A58B8A101EC74FCE00757419 /* Pessoa.swift */; };
		A5A9734F1ED9BCE8002EEBE2 /* TelaExtraViewController.swift in Sources */ = {isa = PBXBuildFile; fileRef = A5A9734E1ED9BCE8002EEBE2 /* TelaExtraViewController.swift */; };
		A5FD63401EC2923A00C1C3E8 /* AppDelegate.swift in Sources */ = {isa = PBXBuildFile; fileRef = A5FD633F1EC2923A00C1C3E8 /* AppDelegate.swift */; };
		A5FD63421EC2923A00C1C3E8 /* ViewController.swift in Sources */ = {isa = PBXBuildFile; fileRef = A5FD63411EC2923A00C1C3E8 /* ViewController.swift */; };
		A5FD63451EC2923A00C1C3E8 /* Main.storyboard in Resources */ = {isa = PBXBuildFile; fileRef = A5FD63431EC2923A00C1C3E8 /* Main.storyboard */; };
		A5FD63471EC2923A00C1C3E8 /* Assets.xcassets in Resources */ = {isa = PBXBuildFile; fileRef = A5FD63461EC2923A00C1C3E8 /* Assets.xcassets */; };
		A5FD634A1EC2923A00C1C3E8 /* LaunchScreen.storyboard in Resources */ = {isa = PBXBuildFile; fileRef = A5FD63481EC2923A00C1C3E8 /* LaunchScreen.storyboard */; };
		AFCD83E73FE096CF44EE4766 /* Pods_Pessoas.framework in Frameworks */ = {isa = PBXBuildFile; fileRef = DFEFEA27993C0F628869D0C5 /* Pods_Pessoas.framework */; };
/* End PBXBuildFile section */

/* Begin PBXFileReference section */
		A528D66A1F0684E600173A3B /* PessoasViewController.swift */ = {isa = PBXFileReference; fileEncoding = 4; lastKnownFileType = sourcecode.swift; path = PessoasViewController.swift; sourceTree = "<group>"; };
		A535D10B1F0D14AE00156AEE /* PessoaCell.xib */ = {isa = PBXFileReference; fileEncoding = 4; lastKnownFileType = file.xib; path = PessoaCell.xib; sourceTree = "<group>"; };
		A535D10D1F0D161100156AEE /* PessoaCell.swift */ = {isa = PBXFileReference; fileEncoding = 4; lastKnownFileType = sourcecode.swift; path = PessoaCell.swift; sourceTree = "<group>"; };
		A535D10F1F0D206200156AEE /* ListExtensions.swift */ = {isa = PBXFileReference; fileEncoding = 4; lastKnownFileType = sourcecode.swift; path = ListExtensions.swift; sourceTree = "<group>"; };
		A53650061ED06E6D00CE34C3 /* UIViewControllerExtensions.swift */ = {isa = PBXFileReference; fileEncoding = 4; lastKnownFileType = sourcecode.swift; path = UIViewControllerExtensions.swift; sourceTree = "<group>"; };
		A569AEDE1EE987C300567FC3 /* EurekaViewController.swift */ = {isa = PBXFileReference; fileEncoding = 4; lastKnownFileType = sourcecode.swift; path = EurekaViewController.swift; sourceTree = "<group>"; };
		A58B8A101EC74FCE00757419 /* Pessoa.swift */ = {isa = PBXFileReference; fileEncoding = 4; lastKnownFileType = sourcecode.swift; path = Pessoa.swift; sourceTree = "<group>"; };
		A5A9734E1ED9BCE8002EEBE2 /* TelaExtraViewController.swift */ = {isa = PBXFileReference; fileEncoding = 4; lastKnownFileType = sourcecode.swift; path = TelaExtraViewController.swift; sourceTree = "<group>"; };
		A5FD633C1EC2923A00C1C3E8 /* Pessoas.app */ = {isa = PBXFileReference; explicitFileType = wrapper.application; includeInIndex = 0; path = Pessoas.app; sourceTree = BUILT_PRODUCTS_DIR; };
		A5FD633F1EC2923A00C1C3E8 /* AppDelegate.swift */ = {isa = PBXFileReference; lastKnownFileType = sourcecode.swift; path = AppDelegate.swift; sourceTree = "<group>"; };
		A5FD63411EC2923A00C1C3E8 /* ViewController.swift */ = {isa = PBXFileReference; lastKnownFileType = sourcecode.swift; path = ViewController.swift; sourceTree = "<group>"; };
		A5FD63441EC2923A00C1C3E8 /* Base */ = {isa = PBXFileReference; lastKnownFileType = file.storyboard; name = Base; path = Base.lproj/Main.storyboard; sourceTree = "<group>"; };
		A5FD63461EC2923A00C1C3E8 /* Assets.xcassets */ = {isa = PBXFileReference; lastKnownFileType = folder.assetcatalog; path = Assets.xcassets; sourceTree = "<group>"; };
		A5FD63491EC2923A00C1C3E8 /* Base */ = {isa = PBXFileReference; lastKnownFileType = file.storyboard; name = Base; path = Base.lproj/LaunchScreen.storyboard; sourceTree = "<group>"; };
		A5FD634B1EC2923A00C1C3E8 /* Info.plist */ = {isa = PBXFileReference; lastKnownFileType = text.plist.xml; path = Info.plist; sourceTree = "<group>"; };
		D06CFED5349B7D208F618B23 /* Pods-Pessoas.debug.xcconfig */ = {isa = PBXFileReference; includeInIndex = 1; lastKnownFileType = text.xcconfig; name = "Pods-Pessoas.debug.xcconfig"; path = "Pods/Target Support Files/Pods-Pessoas/Pods-Pessoas.debug.xcconfig"; sourceTree = "<group>"; };
		DFEFEA27993C0F628869D0C5 /* Pods_Pessoas.framework */ = {isa = PBXFileReference; explicitFileType = wrapper.framework; includeInIndex = 0; path = Pods_Pessoas.framework; sourceTree = BUILT_PRODUCTS_DIR; };
		F0B8585690E373B792D098EE /* Pods-Pessoas.release.xcconfig */ = {isa = PBXFileReference; includeInIndex = 1; lastKnownFileType = text.xcconfig; name = "Pods-Pessoas.release.xcconfig"; path = "Pods/Target Support Files/Pods-Pessoas/Pods-Pessoas.release.xcconfig"; sourceTree = "<group>"; };
/* End PBXFileReference section */

/* Begin PBXFrameworksBuildPhase section */
		A5FD63391EC2923A00C1C3E8 /* Frameworks */ = {
			isa = PBXFrameworksBuildPhase;
			buildActionMask = 2147483647;
			files = (
				AFCD83E73FE096CF44EE4766 /* Pods_Pessoas.framework in Frameworks */,
			);
			runOnlyForDeploymentPostprocessing = 0;
		};
/* End PBXFrameworksBuildPhase section */

/* Begin PBXGroup section */
		1352E8FE31C14DBEFB9FCFE8 /* Pods */ = {
			isa = PBXGroup;
			children = (
				D06CFED5349B7D208F618B23 /* Pods-Pessoas.debug.xcconfig */,
				F0B8585690E373B792D098EE /* Pods-Pessoas.release.xcconfig */,
			);
			name = Pods;
			sourceTree = "<group>";
		};
		3E048BABD1CB52B2148E2963 /* Frameworks */ = {
			isa = PBXGroup;
			children = (
				DFEFEA27993C0F628869D0C5 /* Pods_Pessoas.framework */,
			);
			name = Frameworks;
			sourceTree = "<group>";
		};
		A535D10A1F0D149B00156AEE /* Cells */ = {
			isa = PBXGroup;
			children = (
				A535D10B1F0D14AE00156AEE /* PessoaCell.xib */,
				A535D10D1F0D161100156AEE /* PessoaCell.swift */,
			);
			name = Cells;
			sourceTree = "<group>";
		};
		A5FD63331EC2923A00C1C3E8 = {
			isa = PBXGroup;
			children = (
				A5FD633E1EC2923A00C1C3E8 /* Pessoas */,
				A5FD633D1EC2923A00C1C3E8 /* Products */,
				1352E8FE31C14DBEFB9FCFE8 /* Pods */,
				3E048BABD1CB52B2148E2963 /* Frameworks */,
			);
			sourceTree = "<group>";
		};
		A5FD633D1EC2923A00C1C3E8 /* Products */ = {
			isa = PBXGroup;
			children = (
				A5FD633C1EC2923A00C1C3E8 /* Pessoas.app */,
			);
			name = Products;
			sourceTree = "<group>";
		};
		A5FD633E1EC2923A00C1C3E8 /* Pessoas */ = {
			isa = PBXGroup;
			children = (
				A535D10A1F0D149B00156AEE /* Cells */,
				A5FD633F1EC2923A00C1C3E8 /* AppDelegate.swift */,
				A5FD63411EC2923A00C1C3E8 /* ViewController.swift */,
				A5FD63431EC2923A00C1C3E8 /* Main.storyboard */,
				A5FD63461EC2923A00C1C3E8 /* Assets.xcassets */,
				A5FD63481EC2923A00C1C3E8 /* LaunchScreen.storyboard */,
				A5FD634B1EC2923A00C1C3E8 /* Info.plist */,
				A58B8A101EC74FCE00757419 /* Pessoa.swift */,
				A53650061ED06E6D00CE34C3 /* UIViewControllerExtensions.swift */,
				A5A9734E1ED9BCE8002EEBE2 /* TelaExtraViewController.swift */,
				A569AEDE1EE987C300567FC3 /* EurekaViewController.swift */,
				A528D66A1F0684E600173A3B /* PessoasViewController.swift */,
				A535D10F1F0D206200156AEE /* ListExtensions.swift */,
			);
			path = Pessoas;
			sourceTree = "<group>";
		};
/* End PBXGroup section */

/* Begin PBXNativeTarget section */
		A5FD633B1EC2923A00C1C3E8 /* Pessoas */ = {
			isa = PBXNativeTarget;
			buildConfigurationList = A5FD634E1EC2923A00C1C3E8 /* Build configuration list for PBXNativeTarget "Pessoas" */;
			buildPhases = (
				4E2E4D8B9892E10E45ABB6CC /* [CP] Check Pods Manifest.lock */,
				A5FD63381EC2923A00C1C3E8 /* Sources */,
				A5FD63391EC2923A00C1C3E8 /* Frameworks */,
				A5FD633A1EC2923A00C1C3E8 /* Resources */,
				D29BDE4FD8216C6B6CF36E9B /* [CP] Embed Pods Frameworks */,
				9C8000B40E8F6601F2DD49E9 /* [CP] Copy Pods Resources */,
			);
			buildRules = (
			);
			dependencies = (
			);
			name = Pessoas;
			productName = Pessoas;
			productReference = A5FD633C1EC2923A00C1C3E8 /* Pessoas.app */;
			productType = "com.apple.product-type.application";
		};
/* End PBXNativeTarget section */

/* Begin PBXProject section */
		A5FD63341EC2923A00C1C3E8 /* Project object */ = {
			isa = PBXProject;
			attributes = {
				LastSwiftUpdateCheck = 0830;
				LastUpgradeCheck = 0830;
				ORGANIZATIONNAME = "Alliston Aleixo";
				TargetAttributes = {
					A5FD633B1EC2923A00C1C3E8 = {
						CreatedOnToolsVersion = 8.3.2;
						DevelopmentTeam = DLA5J5JEZ2;
						ProvisioningStyle = Automatic;
					};
				};
			};
			buildConfigurationList = A5FD63371EC2923A00C1C3E8 /* Build configuration list for PBXProject "Pessoas" */;
			compatibilityVersion = "Xcode 3.2";
			developmentRegion = English;
			hasScannedForEncodings = 0;
			knownRegions = (
				en,
				Base,
			);
			mainGroup = A5FD63331EC2923A00C1C3E8;
			productRefGroup = A5FD633D1EC2923A00C1C3E8 /* Products */;
			projectDirPath = "";
			projectRoot = "";
			targets = (
				A5FD633B1EC2923A00C1C3E8 /* Pessoas */,
			);
		};
/* End PBXProject section */

/* Begin PBXResourcesBuildPhase section */
		A5FD633A1EC2923A00C1C3E8 /* Resources */ = {
			isa = PBXResourcesBuildPhase;
			buildActionMask = 2147483647;
			files = (
				A5FD634A1EC2923A00C1C3E8 /* LaunchScreen.storyboard in Resources */,
				A5FD63471EC2923A00C1C3E8 /* Assets.xcassets in Resources */,
				A535D10C1F0D14AE00156AEE /* PessoaCell.xib in Resources */,
				A5FD63451EC2923A00C1C3E8 /* Main.storyboard in Resources */,
			);
			runOnlyForDeploymentPostprocessing = 0;
		};
/* End PBXResourcesBuildPhase section */

/* Begin PBXShellScriptBuildPhase section */
		4E2E4D8B9892E10E45ABB6CC /* [CP] Check Pods Manifest.lock */ = {
			isa = PBXShellScriptBuildPhase;
			buildActionMask = 2147483647;
			files = (
			);
			inputPaths = (
			);
			name = "[CP] Check Pods Manifest.lock";
			outputPaths = (
			);
			runOnlyForDeploymentPostprocessing = 0;
			shellPath = /bin/sh;
			shellScript = "diff \"${PODS_PODFILE_DIR_PATH}/Podfile.lock\" \"${PODS_ROOT}/Manifest.lock\" > /dev/null\nif [ $? != 0 ] ; then\n    # print error to STDERR\n    echo \"error: The sandbox is not in sync with the Podfile.lock. Run 'pod install' or update your CocoaPods installation.\" >&2\n    exit 1\nfi\n";
			showEnvVarsInLog = 0;
		};
		9C8000B40E8F6601F2DD49E9 /* [CP] Copy Pods Resources */ = {
			isa = PBXShellScriptBuildPhase;
			buildActionMask = 2147483647;
			files = (
			);
			inputPaths = (
			);
			name = "[CP] Copy Pods Resources";
			outputPaths = (
			);
			runOnlyForDeploymentPostprocessing = 0;
			shellPath = /bin/sh;
			shellScript = "\"${SRCROOT}/Pods/Target Support Files/Pods-Pessoas/Pods-Pessoas-resources.sh\"\n";
			showEnvVarsInLog = 0;
		};
		D29BDE4FD8216C6B6CF36E9B /* [CP] Embed Pods Frameworks */ = {
			isa = PBXShellScriptBuildPhase;
			buildActionMask = 2147483647;
			files = (
			);
			inputPaths = (
			);
			name = "[CP] Embed Pods Frameworks";
			outputPaths = (
			);
			runOnlyForDeploymentPostprocessing = 0;
			shellPath = /bin/sh;
			shellScript = "\"${SRCROOT}/Pods/Target Support Files/Pods-Pessoas/Pods-Pessoas-frameworks.sh\"\n";
			showEnvVarsInLog = 0;
		};
/* End PBXShellScriptBuildPhase section */

/* Begin PBXSourcesBuildPhase section */
		A5FD63381EC2923A00C1C3E8 /* Sources */ = {
			isa = PBXSourcesBuildPhase;
			buildActionMask = 2147483647;
			files = (
				A53650071ED06E6D00CE34C3 /* UIViewControllerExtensions.swift in Sources */,
				A5FD63421EC2923A00C1C3E8 /* ViewController.swift in Sources */,
				A5A9734F1ED9BCE8002EEBE2 /* TelaExtraViewController.swift in Sources */,
				A535D1101F0D206200156AEE /* ListExtensions.swift in Sources */,
				A528D66B1F0684E600173A3B /* PessoasViewController.swift in Sources */,
				A569AEDF1EE987C300567FC3 /* EurekaViewController.swift in Sources */,
				A58B8A111EC74FCE00757419 /* Pessoa.swift in Sources */,
				A535D10E1F0D161100156AEE /* PessoaCell.swift in Sources */,
				A5FD63401EC2923A00C1C3E8 /* AppDelegate.swift in Sources */,
			);
			runOnlyForDeploymentPostprocessing = 0;
		};
/* End PBXSourcesBuildPhase section */

/* Begin PBXVariantGroup section */
		A5FD63431EC2923A00C1C3E8 /* Main.storyboard */ = {
			isa = PBXVariantGroup;
			children = (
				A5FD63441EC2923A00C1C3E8 /* Base */,
			);
			name = Main.storyboard;
			sourceTree = "<group>";
		};
		A5FD63481EC2923A00C1C3E8 /* LaunchScreen.storyboard */ = {
			isa = PBXVariantGroup;
			children = (
				A5FD63491EC2923A00C1C3E8 /* Base */,
			);
			name = LaunchScreen.storyboard;
			sourceTree = "<group>";
		};
/* End PBXVariantGroup section */

/* Begin XCBuildConfiguration section */
		A5FD634C1EC2923A00C1C3E8 /* Debug */ = {
			isa = XCBuildConfiguration;
			buildSettings = {
				ALWAYS_SEARCH_USER_PATHS = NO;
				CLANG_ANALYZER_NONNULL = YES;
				CLANG_ANALYZER_NUMBER_OBJECT_CONVERSION = YES_AGGRESSIVE;
				CLANG_CXX_LANGUAGE_STANDARD = "gnu++0x";
				CLANG_CXX_LIBRARY = "libc++";
				CLANG_ENABLE_MODULES = YES;
				CLANG_ENABLE_OBJC_ARC = YES;
				CLANG_WARN_BOOL_CONVERSION = YES;
				CLANG_WARN_CONSTANT_CONVERSION = YES;
				CLANG_WARN_DIRECT_OBJC_ISA_USAGE = YES_ERROR;
				CLANG_WARN_DOCUMENTATION_COMMENTS = YES;
				CLANG_WARN_EMPTY_BODY = YES;
				CLANG_WARN_ENUM_CONVERSION = YES;
				CLANG_WARN_INFINITE_RECURSION = YES;
				CLANG_WARN_INT_CONVERSION = YES;
				CLANG_WARN_OBJC_ROOT_CLASS = YES_ERROR;
				CLANG_WARN_SUSPICIOUS_MOVE = YES;
				CLANG_WARN_UNREACHABLE_CODE = YES;
				CLANG_WARN__DUPLICATE_METHOD_MATCH = YES;
				"CODE_SIGN_IDENTITY[sdk=iphoneos*]" = "iPhone Developer";
				COPY_PHASE_STRIP = NO;
				DEBUG_INFORMATION_FORMAT = dwarf;
				ENABLE_STRICT_OBJC_MSGSEND = YES;
				ENABLE_TESTABILITY = YES;
				GCC_C_LANGUAGE_STANDARD = gnu99;
				GCC_DYNAMIC_NO_PIC = NO;
				GCC_NO_COMMON_BLOCKS = YES;
				GCC_OPTIMIZATION_LEVEL = 0;
				GCC_PREPROCESSOR_DEFINITIONS = (
					"DEBUG=1",
					"$(inherited)",
				);
				GCC_WARN_64_TO_32_BIT_CONVERSION = YES;
				GCC_WARN_ABOUT_RETURN_TYPE = YES_ERROR;
				GCC_WARN_UNDECLARED_SELECTOR = YES;
				GCC_WARN_UNINITIALIZED_AUTOS = YES_AGGRESSIVE;
				GCC_WARN_UNUSED_FUNCTION = YES;
				GCC_WARN_UNUSED_VARIABLE = YES;
				IPHONEOS_DEPLOYMENT_TARGET = 10.3;
				MTL_ENABLE_DEBUG_INFO = YES;
				ONLY_ACTIVE_ARCH = YES;
				SDKROOT = iphoneos;
				SWIFT_ACTIVE_COMPILATION_CONDITIONS = DEBUG;
				SWIFT_OPTIMIZATION_LEVEL = "-Onone";
				TARGETED_DEVICE_FAMILY = "1,2";
			};
			name = Debug;
		};
		A5FD634D1EC2923A00C1C3E8 /* Release */ = {
			isa = XCBuildConfiguration;
			buildSettings = {
				ALWAYS_SEARCH_USER_PATHS = NO;
				CLANG_ANALYZER_NONNULL = YES;
				CLANG_ANALYZER_NUMBER_OBJECT_CONVERSION = YES_AGGRESSIVE;
				CLANG_CXX_LANGUAGE_STANDARD = "gnu++0x";
				CLANG_CXX_LIBRARY = "libc++";
				CLANG_ENABLE_MODULES = YES;
				CLANG_ENABLE_OBJC_ARC = YES;
				CLANG_WARN_BOOL_CONVERSION = YES;
				CLANG_WARN_CONSTANT_CONVERSION = YES;
				CLANG_WARN_DIRECT_OBJC_ISA_USAGE = YES_ERROR;
				CLANG_WARN_DOCUMENTATION_COMMENTS = YES;
				CLANG_WARN_EMPTY_BODY = YES;
				CLANG_WARN_ENUM_CONVERSION = YES;
				CLANG_WARN_INFINITE_RECURSION = YES;
				CLANG_WARN_INT_CONVERSION = YES;
				CLANG_WARN_OBJC_ROOT_CLASS = YES_ERROR;
				CLANG_WARN_SUSPICIOUS_MOVE = YES;
				CLANG_WARN_UNREACHABLE_CODE = YES;
				CLANG_WARN__DUPLICATE_METHOD_MATCH = YES;
				"CODE_SIGN_IDENTITY[sdk=iphoneos*]" = "iPhone Developer";
				COPY_PHASE_STRIP = NO;
				DEBUG_INFORMATION_FORMAT = "dwarf-with-dsym";
				ENABLE_NS_ASSERTIONS = NO;
				ENABLE_STRICT_OBJC_MSGSEND = YES;
				GCC_C_LANGUAGE_STANDARD = gnu99;
				GCC_NO_COMMON_BLOCKS = YES;
				GCC_WARN_64_TO_32_BIT_CONVERSION = YES;
				GCC_WARN_ABOUT_RETURN_TYPE = YES_ERROR;
				GCC_WARN_UNDECLARED_SELECTOR = YES;
				GCC_WARN_UNINITIALIZED_AUTOS = YES_AGGRESSIVE;
				GCC_WARN_UNUSED_FUNCTION = YES;
				GCC_WARN_UNUSED_VARIABLE = YES;
				IPHONEOS_DEPLOYMENT_TARGET = 10.3;
				MTL_ENABLE_DEBUG_INFO = NO;
				SDKROOT = iphoneos;
				SWIFT_OPTIMIZATION_LEVEL = "-Owholemodule";
				TARGETED_DEVICE_FAMILY = "1,2";
				VALIDATE_PRODUCT = YES;
			};
			name = Release;
		};
		A5FD634F1EC2923A00C1C3E8 /* Debug */ = {
			isa = XCBuildConfiguration;
			baseConfigurationReference = D06CFED5349B7D208F618B23 /* Pods-Pessoas.debug.xcconfig */;
			buildSettings = {
				ASSETCATALOG_COMPILER_APPICON_NAME = AppIcon;
				DEVELOPMENT_TEAM = DLA5J5JEZ2;
				INFOPLIST_FILE = Pessoas/Info.plist;
				LD_RUNPATH_SEARCH_PATHS = "$(inherited) @executable_path/Frameworks";
				PRODUCT_BUNDLE_IDENTIFIER = com.alliston.Pessoas;
				PRODUCT_NAME = "$(TARGET_NAME)";
				SWIFT_VERSION = 3.0;
			};
			name = Debug;
		};
		A5FD63501EC2923A00C1C3E8 /* Release */ = {
			isa = XCBuildConfiguration;
			baseConfigurationReference = F0B8585690E373B792D098EE /* Pods-Pessoas.release.xcconfig */;
			buildSettings = {
				ASSETCATALOG_COMPILER_APPICON_NAME = AppIcon;
				DEVELOPMENT_TEAM = DLA5J5JEZ2;
				INFOPLIST_FILE = Pessoas/Info.plist;
				LD_RUNPATH_SEARCH_PATHS = "$(inherited) @executable_path/Frameworks";
				PRODUCT_BUNDLE_IDENTIFIER = com.alliston.Pessoas;
				PRODUCT_NAME = "$(TARGET_NAME)";
				SWIFT_VERSION = 3.0;
			};
			name = Release;
		};
/* End XCBuildConfiguration section */

/* Begin XCConfigurationList section */
		A5FD63371EC2923A00C1C3E8 /* Build configuration list for PBXProject "Pessoas" */ = {
			isa = XCConfigurationList;
			buildConfigurations = (
				A5FD634C1EC2923A00C1C3E8 /* Debug */,
				A5FD634D1EC2923A00C1C3E8 /* Release */,
			);
			defaultConfigurationIsVisible = 0;
			defaultConfigurationName = Release;
		};
		A5FD634E1EC2923A00C1C3E8 /* Build configuration list for PBXNativeTarget "Pessoas" */ = {
			isa = XCConfigurationList;
			buildConfigurations = (
				A5FD634F1EC2923A00C1C3E8 /* Debug */,
				A5FD63501EC2923A00C1C3E8 /* Release */,
			);
			defaultConfigurationIsVisible = 0;
			defaultConfigurationName = Release;
		};
/* End XCConfigurationList section */
	};
	rootObject = A5FD63341EC2923A00C1C3E8 /* Project object */;
}
